
Microsoft Visual Studio Solution File, Format Version 12.00
# Visual Studio Version 17
VisualStudioVersion = 17.9.34607.119
MinimumVisualStudioVersion = 10.0.40219.1
Project("{FAE04EC0-301F-11D3-BF4B-00C04F79EFBC}") = "RoutesManagementSystem.API", "RoutesManagementSystem.API.csproj", "{B7389083-BF5A-4055-96FC-2A365BFE596D}"
EndProject
Global
	GlobalSection(SolutionConfigurationPlatforms) = preSolution
		Debug|Any CPU = Debug|Any CPU
		Release|Any CPU = Release|Any CPU
	EndGlobalSection
	GlobalSection(ProjectConfigurationPlatforms) = postSolution
		{B7389083-BF5A-4055-96FC-2A365BFE596D}.Debug|Any CPU.ActiveCfg = Debug|Any CPU
		{B7389083-BF5A-4055-96FC-2A365BFE596D}.Debug|Any CPU.Build.0 = Debug|Any CPU
		{B7389083-BF5A-4055-96FC-2A365BFE596D}.Release|Any CPU.ActiveCfg = Release|Any CPU
		{B7389083-BF5A-4055-96FC-2A365BFE596D}.Release|Any CPU.Build.0 = Release|Any CPU
	EndGlobalSection
	GlobalSection(SolutionProperties) = preSolution
		HideSolutionNode = FALSE
	EndGlobalSection
	GlobalSection(ExtensibilityGlobals) = postSolution
		SolutionGuid = {BD605854-AA36-4793-835B-D77AEABDC08D}
	EndGlobalSection
EndGlobal
